// !$*UTF8*$!
{
	archiveVersion = 1;
	classes = {
	};
	objectVersion = 56;
	objects = {

/* Begin PBXBuildFile section */
		2B17E288204618E293F15629 /* Pods_MyPlaces.framework in Frameworks */ = {isa = PBXBuildFile; fileRef = D4A476151389A58734771F4D /* Pods_MyPlaces.framework */; };
		B60A08CA2A15658E00045466 /* NewPlaceViewController.swift in Sources */ = {isa = PBXBuildFile; fileRef = B60A08C92A15658E00045466 /* NewPlaceViewController.swift */; };
		B64CC4232A1906910036FAAA /* StorageManager.swift in Sources */ = {isa = PBXBuildFile; fileRef = B64CC4222A1906910036FAAA /* StorageManager.swift */; };
		B64FC1DA2A13ABD000EF15B4 /* CustomTableViewCell.swift in Sources */ = {isa = PBXBuildFile; fileRef = B64FC1D92A13ABD000EF15B4 /* CustomTableViewCell.swift */; };
		B65D62FE2A13E74F0077A256 /* PlaceModel.swift in Sources */ = {isa = PBXBuildFile; fileRef = B65D62FD2A13E74F0077A256 /* PlaceModel.swift */; };
		B65E04A62A0EF674006DDDD8 /* AppDelegate.swift in Sources */ = {isa = PBXBuildFile; fileRef = B65E04A52A0EF674006DDDD8 /* AppDelegate.swift */; };
		B65E04A82A0EF674006DDDD8 /* SceneDelegate.swift in Sources */ = {isa = PBXBuildFile; fileRef = B65E04A72A0EF674006DDDD8 /* SceneDelegate.swift */; };
		B65E04AD2A0EF674006DDDD8 /* Main.storyboard in Resources */ = {isa = PBXBuildFile; fileRef = B65E04AB2A0EF674006DDDD8 /* Main.storyboard */; };
		B65E04AF2A0EF675006DDDD8 /* Assets.xcassets in Resources */ = {isa = PBXBuildFile; fileRef = B65E04AE2A0EF675006DDDD8 /* Assets.xcassets */; };
		B65E04B22A0EF675006DDDD8 /* LaunchScreen.storyboard in Resources */ = {isa = PBXBuildFile; fileRef = B65E04B02A0EF675006DDDD8 /* LaunchScreen.storyboard */; };
		B6AD86532A1D44A20022766D /* RatingControl.swift in Sources */ = {isa = PBXBuildFile; fileRef = B6AD86522A1D44A20022766D /* RatingControl.swift */; };
		B6F105062A103D7E002A23BE /* MainViewController.swift in Sources */ = {isa = PBXBuildFile; fileRef = B6F105052A103D7E002A23BE /* MainViewController.swift */; };
/* End PBXBuildFile section */

/* Begin PBXFileReference section */
		242F4C9ABC64CCB33E3067D0 /* Pods-MyPlaces.debug.xcconfig */ = {isa = PBXFileReference; includeInIndex = 1; lastKnownFileType = text.xcconfig; name = "Pods-MyPlaces.debug.xcconfig"; path = "Target Support Files/Pods-MyPlaces/Pods-MyPlaces.debug.xcconfig"; sourceTree = "<group>"; };
		74375DA622E4B4D7049D5865 /* Pods-MyPlaces.release.xcconfig */ = {isa = PBXFileReference; includeInIndex = 1; lastKnownFileType = text.xcconfig; name = "Pods-MyPlaces.release.xcconfig"; path = "Target Support Files/Pods-MyPlaces/Pods-MyPlaces.release.xcconfig"; sourceTree = "<group>"; };
		B60A08C92A15658E00045466 /* NewPlaceViewController.swift */ = {isa = PBXFileReference; lastKnownFileType = sourcecode.swift; path = NewPlaceViewController.swift; sourceTree = "<group>"; };
		B64CC4222A1906910036FAAA /* StorageManager.swift */ = {isa = PBXFileReference; lastKnownFileType = sourcecode.swift; path = StorageManager.swift; sourceTree = "<group>"; };
		B64FC1D92A13ABD000EF15B4 /* CustomTableViewCell.swift */ = {isa = PBXFileReference; lastKnownFileType = sourcecode.swift; path = CustomTableViewCell.swift; sourceTree = "<group>"; };
		B65D62FD2A13E74F0077A256 /* PlaceModel.swift */ = {isa = PBXFileReference; lastKnownFileType = sourcecode.swift; path = PlaceModel.swift; sourceTree = "<group>"; };
		B65E04A22A0EF674006DDDD8 /* MyPlaces.app */ = {isa = PBXFileReference; explicitFileType = wrapper.application; includeInIndex = 0; path = MyPlaces.app; sourceTree = BUILT_PRODUCTS_DIR; };
		B65E04A52A0EF674006DDDD8 /* AppDelegate.swift */ = {isa = PBXFileReference; lastKnownFileType = sourcecode.swift; path = AppDelegate.swift; sourceTree = "<group>"; };
		B65E04A72A0EF674006DDDD8 /* SceneDelegate.swift */ = {isa = PBXFileReference; lastKnownFileType = sourcecode.swift; path = SceneDelegate.swift; sourceTree = "<group>"; };
		B65E04AC2A0EF674006DDDD8 /* Base */ = {isa = PBXFileReference; lastKnownFileType = file.storyboard; name = Base; path = Base.lproj/Main.storyboard; sourceTree = "<group>"; };
		B65E04AE2A0EF675006DDDD8 /* Assets.xcassets */ = {isa = PBXFileReference; lastKnownFileType = folder.assetcatalog; path = Assets.xcassets; sourceTree = "<group>"; };
		B65E04B12A0EF675006DDDD8 /* Base */ = {isa = PBXFileReference; lastKnownFileType = file.storyboard; name = Base; path = Base.lproj/LaunchScreen.storyboard; sourceTree = "<group>"; };
		B65E04B32A0EF675006DDDD8 /* Info.plist */ = {isa = PBXFileReference; lastKnownFileType = text.plist.xml; path = Info.plist; sourceTree = "<group>"; };
		B6AD86522A1D44A20022766D /* RatingControl.swift */ = {isa = PBXFileReference; lastKnownFileType = sourcecode.swift; path = RatingControl.swift; sourceTree = "<group>"; };
		B6F105052A103D7E002A23BE /* MainViewController.swift */ = {isa = PBXFileReference; lastKnownFileType = sourcecode.swift; path = MainViewController.swift; sourceTree = "<group>"; };
		D4A476151389A58734771F4D /* Pods_MyPlaces.framework */ = {isa = PBXFileReference; explicitFileType = wrapper.framework; includeInIndex = 0; path = Pods_MyPlaces.framework; sourceTree = BUILT_PRODUCTS_DIR; };
/* End PBXFileReference section */

/* Begin PBXFrameworksBuildPhase section */
		B65E049F2A0EF674006DDDD8 /* Frameworks */ = {
			isa = PBXFrameworksBuildPhase;
			buildActionMask = 2147483647;
			files = (
				2B17E288204618E293F15629 /* Pods_MyPlaces.framework in Frameworks */,
			);
			runOnlyForDeploymentPostprocessing = 0;
		};
/* End PBXFrameworksBuildPhase section */

/* Begin PBXGroup section */
		A0807B2AC42AA60F13D151E6 /* Pods */ = {
			isa = PBXGroup;
			children = (
				242F4C9ABC64CCB33E3067D0 /* Pods-MyPlaces.debug.xcconfig */,
				74375DA622E4B4D7049D5865 /* Pods-MyPlaces.release.xcconfig */,
			);
			path = Pods;
			sourceTree = "<group>";
		};
		B65E04992A0EF674006DDDD8 = {
			isa = PBXGroup;
			children = (
				B65E04A42A0EF674006DDDD8 /* MyPlaces */,
				B65E04A32A0EF674006DDDD8 /* Products */,
				A0807B2AC42AA60F13D151E6 /* Pods */,
				E670F4914002EC4828D0CF15 /* Frameworks */,
			);
			sourceTree = "<group>";
		};
		B65E04A32A0EF674006DDDD8 /* Products */ = {
			isa = PBXGroup;
			children = (
				B65E04A22A0EF674006DDDD8 /* MyPlaces.app */,
			);
			name = Products;
			sourceTree = "<group>";
		};
		B65E04A42A0EF674006DDDD8 /* MyPlaces */ = {
			isa = PBXGroup;
			children = (
				B65E04A52A0EF674006DDDD8 /* AppDelegate.swift */,
				B65E04A72A0EF674006DDDD8 /* SceneDelegate.swift */,
				B6F105052A103D7E002A23BE /* MainViewController.swift */,
				B60A08C92A15658E00045466 /* NewPlaceViewController.swift */,
				B65D62FD2A13E74F0077A256 /* PlaceModel.swift */,
				B64CC4222A1906910036FAAA /* StorageManager.swift */,
				B64FC1D92A13ABD000EF15B4 /* CustomTableViewCell.swift */,
				B6AD86522A1D44A20022766D /* RatingControl.swift */,
				B65E04AB2A0EF674006DDDD8 /* Main.storyboard */,
				B65E04AE2A0EF675006DDDD8 /* Assets.xcassets */,
				B65E04B02A0EF675006DDDD8 /* LaunchScreen.storyboard */,
				B65E04B32A0EF675006DDDD8 /* Info.plist */,
			);
			path = MyPlaces;
			sourceTree = "<group>";
		};
		E670F4914002EC4828D0CF15 /* Frameworks */ = {
			isa = PBXGroup;
			children = (
				D4A476151389A58734771F4D /* Pods_MyPlaces.framework */,
			);
			name = Frameworks;
			sourceTree = "<group>";
		};
/* End PBXGroup section */

/* Begin PBXNativeTarget section */
		B65E04A12A0EF674006DDDD8 /* MyPlaces */ = {
			isa = PBXNativeTarget;
			buildConfigurationList = B65E04B62A0EF675006DDDD8 /* Build configuration list for PBXNativeTarget "MyPlaces" */;
			buildPhases = (
				A2253857F4D87481B10905FE /* [CP] Check Pods Manifest.lock */,
				B65E049E2A0EF674006DDDD8 /* Sources */,
				B65E049F2A0EF674006DDDD8 /* Frameworks */,
				B65E04A02A0EF674006DDDD8 /* Resources */,
				A518AC908BDFFF39E34BD12B /* [CP] Embed Pods Frameworks */,
			);
			buildRules = (
			);
			dependencies = (
			);
			name = MyPlaces;
			productName = MyPlaces;
			productReference = B65E04A22A0EF674006DDDD8 /* MyPlaces.app */;
			productType = "com.apple.product-type.application";
		};
/* End PBXNativeTarget section */

/* Begin PBXProject section */
		B65E049A2A0EF674006DDDD8 /* Project object */ = {
			isa = PBXProject;
			attributes = {
				BuildIndependentTargetsInParallel = 1;
				LastSwiftUpdateCheck = 1430;
				LastUpgradeCheck = 1430;
				TargetAttributes = {
					B65E04A12A0EF674006DDDD8 = {
						CreatedOnToolsVersion = 14.3;
					};
				};
			};
			buildConfigurationList = B65E049D2A0EF674006DDDD8 /* Build configuration list for PBXProject "MyPlaces" */;
			compatibilityVersion = "Xcode 14.0";
			developmentRegion = en;
			hasScannedForEncodings = 0;
			knownRegions = (
				en,
				Base,
			);
			mainGroup = B65E04992A0EF674006DDDD8;
			productRefGroup = B65E04A32A0EF674006DDDD8 /* Products */;
			projectDirPath = "";
			projectRoot = "";
			targets = (
				B65E04A12A0EF674006DDDD8 /* MyPlaces */,
			);
		};
/* End PBXProject section */

/* Begin PBXResourcesBuildPhase section */
		B65E04A02A0EF674006DDDD8 /* Resources */ = {
			isa = PBXResourcesBuildPhase;
			buildActionMask = 2147483647;
			files = (
				B65E04B22A0EF675006DDDD8 /* LaunchScreen.storyboard in Resources */,
				B65E04AF2A0EF675006DDDD8 /* Assets.xcassets in Resources */,
				B65E04AD2A0EF674006DDDD8 /* Main.storyboard in Resources */,
			);
			runOnlyForDeploymentPostprocessing = 0;
		};
/* End PBXResourcesBuildPhase section */

/* Begin PBXShellScriptBuildPhase section */
		A2253857F4D87481B10905FE /* [CP] Check Pods Manifest.lock */ = {
			isa = PBXShellScriptBuildPhase;
			buildActionMask = 2147483647;
			files = (
			);
			inputFileListPaths = (
			);
			inputPaths = (
				"${PODS_PODFILE_DIR_PATH}/Podfile.lock",
				"${PODS_ROOT}/Manifest.lock",
			);
			name = "[CP] Check Pods Manifest.lock";
			outputFileListPaths = (
			);
			outputPaths = (
				"$(DERIVED_FILE_DIR)/Pods-MyPlaces-checkManifestLockResult.txt",
			);
			runOnlyForDeploymentPostprocessing = 0;
			shellPath = /bin/sh;
			shellScript = "diff \"${PODS_PODFILE_DIR_PATH}/Podfile.lock\" \"${PODS_ROOT}/Manifest.lock\" > /dev/null\nif [ $? != 0 ] ; then\n    # print error to STDERR\n    echo \"error: The sandbox is not in sync with the Podfile.lock. Run 'pod install' or update your CocoaPods installation.\" >&2\n    exit 1\nfi\n# This output is used by Xcode 'outputs' to avoid re-running this script phase.\necho \"SUCCESS\" > \"${SCRIPT_OUTPUT_FILE_0}\"\n";
			showEnvVarsInLog = 0;
		};
		A518AC908BDFFF39E34BD12B /* [CP] Embed Pods Frameworks */ = {
			isa = PBXShellScriptBuildPhase;
			buildActionMask = 2147483647;
			files = (
			);
			inputFileListPaths = (
				"${PODS_ROOT}/Target Support Files/Pods-MyPlaces/Pods-MyPlaces-frameworks-${CONFIGURATION}-input-files.xcfilelist",
			);
			name = "[CP] Embed Pods Frameworks";
			outputFileListPaths = (
				"${PODS_ROOT}/Target Support Files/Pods-MyPlaces/Pods-MyPlaces-frameworks-${CONFIGURATION}-output-files.xcfilelist",
			);
			runOnlyForDeploymentPostprocessing = 0;
			shellPath = /bin/sh;
			shellScript = "\"${PODS_ROOT}/Target Support Files/Pods-MyPlaces/Pods-MyPlaces-frameworks.sh\"\n";
			showEnvVarsInLog = 0;
		};
/* End PBXShellScriptBuildPhase section */

/* Begin PBXSourcesBuildPhase section */
		B65E049E2A0EF674006DDDD8 /* Sources */ = {
			isa = PBXSourcesBuildPhase;
			buildActionMask = 2147483647;
			files = (
				B6F105062A103D7E002A23BE /* MainViewController.swift in Sources */,
				B60A08CA2A15658E00045466 /* NewPlaceViewController.swift in Sources */,
				B65E04A62A0EF674006DDDD8 /* AppDelegate.swift in Sources */,
				B64CC4232A1906910036FAAA /* StorageManager.swift in Sources */,
				B6AD86532A1D44A20022766D /* RatingControl.swift in Sources */,
				B65D62FE2A13E74F0077A256 /* PlaceModel.swift in Sources */,
				B64FC1DA2A13ABD000EF15B4 /* CustomTableViewCell.swift in Sources */,
				B65E04A82A0EF674006DDDD8 /* SceneDelegate.swift in Sources */,
			);
			runOnlyForDeploymentPostprocessing = 0;
		};
/* End PBXSourcesBuildPhase section */

/* Begin PBXVariantGroup section */
		B65E04AB2A0EF674006DDDD8 /* Main.storyboard */ = {
			isa = PBXVariantGroup;
			children = (
				B65E04AC2A0EF674006DDDD8 /* Base */,
			);
			name = Main.storyboard;
			sourceTree = "<group>";
		};
		B65E04B02A0EF675006DDDD8 /* LaunchScreen.storyboard */ = {
			isa = PBXVariantGroup;
			children = (
				B65E04B12A0EF675006DDDD8 /* Base */,
			);
			name = LaunchScreen.storyboard;
			sourceTree = "<group>";
		};
/* End PBXVariantGroup section */

/* Begin XCBuildConfiguration section */
		B65E04B42A0EF675006DDDD8 /* Debug */ = {
			isa = XCBuildConfiguration;
			buildSettings = {
				ALWAYS_SEARCH_USER_PATHS = NO;
				CLANG_ANALYZER_NONNULL = YES;
				CLANG_ANALYZER_NUMBER_OBJECT_CONVERSION = YES_AGGRESSIVE;
				CLANG_CXX_LANGUAGE_STANDARD = "gnu++20";
				CLANG_ENABLE_MODULES = YES;
				CLANG_ENABLE_OBJC_ARC = YES;
				CLANG_ENABLE_OBJC_WEAK = YES;
				CLANG_WARN_BLOCK_CAPTURE_AUTORELEASING = YES;
				CLANG_WARN_BOOL_CONVERSION = YES;
				CLANG_WARN_COMMA = YES;
				CLANG_WARN_CONSTANT_CONVERSION = YES;
				CLANG_WARN_DEPRECATED_OBJC_IMPLEMENTATIONS = YES;
				CLANG_WARN_DIRECT_OBJC_ISA_USAGE = YES_ERROR;
				CLANG_WARN_DOCUMENTATION_COMMENTS = YES;
				CLANG_WARN_EMPTY_BODY = YES;
				CLANG_WARN_ENUM_CONVERSION = YES;
				CLANG_WARN_INFINITE_RECURSION = YES;
				CLANG_WARN_INT_CONVERSION = YES;
				CLANG_WARN_NON_LITERAL_NULL_CONVERSION = YES;
				CLANG_WARN_OBJC_IMPLICIT_RETAIN_SELF = YES;
				CLANG_WARN_OBJC_LITERAL_CONVERSION = YES;
				CLANG_WARN_OBJC_ROOT_CLASS = YES_ERROR;
				CLANG_WARN_QUOTED_INCLUDE_IN_FRAMEWORK_HEADER = YES;
				CLANG_WARN_RANGE_LOOP_ANALYSIS = YES;
				CLANG_WARN_STRICT_PROTOTYPES = YES;
				CLANG_WARN_SUSPICIOUS_MOVE = YES;
				CLANG_WARN_UNGUARDED_AVAILABILITY = YES_AGGRESSIVE;
				CLANG_WARN_UNREACHABLE_CODE = YES;
				CLANG_WARN__DUPLICATE_METHOD_MATCH = YES;
				COPY_PHASE_STRIP = NO;
				DEBUG_INFORMATION_FORMAT = dwarf;
				ENABLE_STRICT_OBJC_MSGSEND = YES;
				ENABLE_TESTABILITY = YES;
				GCC_C_LANGUAGE_STANDARD = gnu11;
				GCC_DYNAMIC_NO_PIC = NO;
				GCC_NO_COMMON_BLOCKS = YES;
				GCC_OPTIMIZATION_LEVEL = 0;
				GCC_PREPROCESSOR_DEFINITIONS = (
					"DEBUG=1",
					"$(inherited)",
				);
				GCC_WARN_64_TO_32_BIT_CONVERSION = YES;
				GCC_WARN_ABOUT_RETURN_TYPE = YES_ERROR;
				GCC_WARN_UNDECLARED_SELECTOR = YES;
				GCC_WARN_UNINITIALIZED_AUTOS = YES_AGGRESSIVE;
				GCC_WARN_UNUSED_FUNCTION = YES;
				GCC_WARN_UNUSED_VARIABLE = YES;
				IPHONEOS_DEPLOYMENT_TARGET = 16.4;
				MTL_ENABLE_DEBUG_INFO = INCLUDE_SOURCE;
				MTL_FAST_MATH = YES;
				ONLY_ACTIVE_ARCH = YES;
				SDKROOT = iphoneos;
				SWIFT_ACTIVE_COMPILATION_CONDITIONS = DEBUG;
				SWIFT_OPTIMIZATION_LEVEL = "-Onone";
			};
			name = Debug;
		};
		B65E04B52A0EF675006DDDD8 /* Release */ = {
			isa = XCBuildConfiguration;
			buildSettings = {
				ALWAYS_SEARCH_USER_PATHS = NO;
				CLANG_ANALYZER_NONNULL = YES;
				CLANG_ANALYZER_NUMBER_OBJECT_CONVERSION = YES_AGGRESSIVE;
				CLANG_CXX_LANGUAGE_STANDARD = "gnu++20";
				CLANG_ENABLE_MODULES = YES;
				CLANG_ENABLE_OBJC_ARC = YES;
				CLANG_ENABLE_OBJC_WEAK = YES;
				CLANG_WARN_BLOCK_CAPTURE_AUTORELEASING = YES;
				CLANG_WARN_BOOL_CONVERSION = YES;
				CLANG_WARN_COMMA = YES;
				CLANG_WARN_CONSTANT_CONVERSION = YES;
				CLANG_WARN_DEPRECATED_OBJC_IMPLEMENTATIONS = YES;
				CLANG_WARN_DIRECT_OBJC_ISA_USAGE = YES_ERROR;
				CLANG_WARN_DOCUMENTATION_COMMENTS = YES;
				CLANG_WARN_EMPTY_BODY = YES;
				CLANG_WARN_ENUM_CONVERSION = YES;
				CLANG_WARN_INFINITE_RECURSION = YES;
				CLANG_WARN_INT_CONVERSION = YES;
				CLANG_WARN_NON_LITERAL_NULL_CONVERSION = YES;
				CLANG_WARN_OBJC_IMPLICIT_RETAIN_SELF = YES;
				CLANG_WARN_OBJC_LITERAL_CONVERSION = YES;
				CLANG_WARN_OBJC_ROOT_CLASS = YES_ERROR;
				CLANG_WARN_QUOTED_INCLUDE_IN_FRAMEWORK_HEADER = YES;
				CLANG_WARN_RANGE_LOOP_ANALYSIS = YES;
				CLANG_WARN_STRICT_PROTOTYPES = YES;
				CLANG_WARN_SUSPICIOUS_MOVE = YES;
				CLANG_WARN_UNGUARDED_AVAILABILITY = YES_AGGRESSIVE;
				CLANG_WARN_UNREACHABLE_CODE = YES;
				CLANG_WARN__DUPLICATE_METHOD_MATCH = YES;
				COPY_PHASE_STRIP = NO;
				DEBUG_INFORMATION_FORMAT = "dwarf-with-dsym";
				ENABLE_NS_ASSERTIONS = NO;
				ENABLE_STRICT_OBJC_MSGSEND = YES;
				GCC_C_LANGUAGE_STANDARD = gnu11;
				GCC_NO_COMMON_BLOCKS = YES;
				GCC_WARN_64_TO_32_BIT_CONVERSION = YES;
				GCC_WARN_ABOUT_RETURN_TYPE = YES_ERROR;
				GCC_WARN_UNDECLARED_SELECTOR = YES;
				GCC_WARN_UNINITIALIZED_AUTOS = YES_AGGRESSIVE;
				GCC_WARN_UNUSED_FUNCTION = YES;
				GCC_WARN_UNUSED_VARIABLE = YES;
				IPHONEOS_DEPLOYMENT_TARGET = 16.4;
				MTL_ENABLE_DEBUG_INFO = NO;
				MTL_FAST_MATH = YES;
				SDKROOT = iphoneos;
				SWIFT_COMPILATION_MODE = wholemodule;
				SWIFT_OPTIMIZATION_LEVEL = "-O";
				VALIDATE_PRODUCT = YES;
			};
			name = Release;
		};
		B65E04B72A0EF675006DDDD8 /* Debug */ = {
			isa = XCBuildConfiguration;
			baseConfigurationReference = 242F4C9ABC64CCB33E3067D0 /* Pods-MyPlaces.debug.xcconfig */;
			buildSettings = {
				ASSETCATALOG_COMPILER_APPICON_NAME = AppIcon;
				ASSETCATALOG_COMPILER_GLOBAL_ACCENT_COLOR_NAME = AccentColor;
				CODE_SIGN_STYLE = Automatic;
				CURRENT_PROJECT_VERSION = 1;
				GENERATE_INFOPLIST_FILE = YES;
				INFOPLIST_FILE = MyPlaces/Info.plist;
				INFOPLIST_KEY_UIApplicationSupportsIndirectInputEvents = YES;
				INFOPLIST_KEY_UILaunchStoryboardName = LaunchScreen;
				INFOPLIST_KEY_UIMainStoryboardFile = Main;
				INFOPLIST_KEY_UISupportedInterfaceOrientations = UIInterfaceOrientationPortrait;
				INFOPLIST_KEY_UISupportedInterfaceOrientations_iPad = "UIInterfaceOrientationLandscapeLeft UIInterfaceOrientationLandscapeRight UIInterfaceOrientationPortrait UIInterfaceOrientationPortraitUpsideDown";
				LD_RUNPATH_SEARCH_PATHS = (
					"$(inherited)",
					"@executable_path/Frameworks",
				);
				MARKETING_VERSION = 1.0;
				PRODUCT_BUNDLE_IDENTIFIER = com.andrewleonov.MyPlaces;
				PRODUCT_NAME = "$(TARGET_NAME)";
				SUPPORTED_PLATFORMS = "iphoneos iphonesimulator";
				SUPPORTS_MACCATALYST = NO;
				SUPPORTS_MAC_DESIGNED_FOR_IPHONE_IPAD = NO;
				SWIFT_EMIT_LOC_STRINGS = YES;
				SWIFT_VERSION = 5.0;
				TARGETED_DEVICE_FAMILY = 1;
			};
			name = Debug;
		};
		B65E04B82A0EF675006DDDD8 /* Release */ = {
			isa = XCBuildConfiguration;
			baseConfigurationReference = 74375DA622E4B4D7049D5865 /* Pods-MyPlaces.release.xcconfig */;
			buildSettings = {
				ASSETCATALOG_COMPILER_APPICON_NAME = AppIcon;
				ASSETCATALOG_COMPILER_GLOBAL_ACCENT_COLOR_NAME = AccentColor;
				CODE_SIGN_STYLE = Automatic;
				CURRENT_PROJECT_VERSION = 1;
				GENERATE_INFOPLIST_FILE = YES;
				INFOPLIST_FILE = MyPlaces/Info.plist;
				INFOPLIST_KEY_UIApplicationSupportsIndirectInputEvents = YES;
				INFOPLIST_KEY_UILaunchStoryboardName = LaunchScreen;
				INFOPLIST_KEY_UIMainStoryboardFile = Main;
				INFOPLIST_KEY_UISupportedInterfaceOrientations = UIInterfaceOrientationPortrait;
				INFOPLIST_KEY_UISupportedInterfaceOrientations_iPad = "UIInterfaceOrientationLandscapeLeft UIInterfaceOrientationLandscapeRight UIInterfaceOrientationPortrait UIInterfaceOrientationPortraitUpsideDown";
				LD_RUNPATH_SEARCH_PATHS = (
					"$(inherited)",
					"@executable_path/Frameworks",
				);
				MARKETING_VERSION = 1.0;
				PRODUCT_BUNDLE_IDENTIFIER = com.andrewleonov.MyPlaces;
				PRODUCT_NAME = "$(TARGET_NAME)";
				SUPPORTED_PLATFORMS = "iphoneos iphonesimulator";
				SUPPORTS_MACCATALYST = NO;
				SUPPORTS_MAC_DESIGNED_FOR_IPHONE_IPAD = NO;
				SWIFT_EMIT_LOC_STRINGS = YES;
				SWIFT_VERSION = 5.0;
				TARGETED_DEVICE_FAMILY = 1;
			};
			name = Release;
		};
/* End XCBuildConfiguration section */

/* Begin XCConfigurationList section */
		B65E049D2A0EF674006DDDD8 /* Build configuration list for PBXProject "MyPlaces" */ = {
			isa = XCConfigurationList;
			buildConfigurations = (
				B65E04B42A0EF675006DDDD8 /* Debug */,
				B65E04B52A0EF675006DDDD8 /* Release */,
			);
			defaultConfigurationIsVisible = 0;
			defaultConfigurationName = Release;
		};
		B65E04B62A0EF675006DDDD8 /* Build configuration list for PBXNativeTarget "MyPlaces" */ = {
			isa = XCConfigurationList;
			buildConfigurations = (
				B65E04B72A0EF675006DDDD8 /* Debug */,
				B65E04B82A0EF675006DDDD8 /* Release */,
			);
			defaultConfigurationIsVisible = 0;
			defaultConfigurationName = Release;
		};
/* End XCConfigurationList section */
	};
	rootObject = B65E049A2A0EF674006DDDD8 /* Project object */;
}
